
Microsoft Visual Studio Solution File, Format Version 12.00
Project("{FAE04EC0-301F-11D3-BF4B-00C04F79EFBC}") = "Sccg", "Sccg\Sccg.csproj", "{268D7D63-9258-4316-8A5A-3A3C6BBE25C3}"
EndProject
Project("{FAE04EC0-301F-11D3-BF4B-00C04F79EFBC}") = "Sccg.Builtin", "Sccg.Builtin\Sccg.Builtin.csproj", "{7EC95139-C1DC-414E-B84F-5DC405664E5A}"
EndProject
Project("{FAE04EC0-301F-11D3-BF4B-00C04F79EFBC}") = "Sccg.Tests", "Sccg.Tests\Sccg.Tests.csproj", "{9887B709-3362-48DB-9503-8866DCAFFBB3}"
EndProject
Global
	GlobalSection(SolutionConfigurationPlatforms) = preSolution
		Debug|Any CPU = Debug|Any CPU
		Release|Any CPU = Release|Any CPU
	EndGlobalSection
	GlobalSection(ProjectConfigurationPlatforms) = postSolution
		{268D7D63-9258-4316-8A5A-3A3C6BBE25C3}.Debug|Any CPU.ActiveCfg = Debug|Any CPU
		{268D7D63-9258-4316-8A5A-3A3C6BBE25C3}.Debug|Any CPU.Build.0 = Debug|Any CPU
		{268D7D63-9258-4316-8A5A-3A3C6BBE25C3}.Release|Any CPU.ActiveCfg = Release|Any CPU
		{268D7D63-9258-4316-8A5A-3A3C6BBE25C3}.Release|Any CPU.Build.0 = Release|Any CPU
		{7EC95139-C1DC-414E-B84F-5DC405664E5A}.Debug|Any CPU.ActiveCfg = Debug|Any CPU
		{7EC95139-C1DC-414E-B84F-5DC405664E5A}.Debug|Any CPU.Build.0 = Debug|Any CPU
		{7EC95139-C1DC-414E-B84F-5DC405664E5A}.Release|Any CPU.ActiveCfg = Release|Any CPU
		{7EC95139-C1DC-414E-B84F-5DC405664E5A}.Release|Any CPU.Build.0 = Release|Any CPU
		{9887B709-3362-48DB-9503-8866DCAFFBB3}.Debug|Any CPU.ActiveCfg = Debug|Any CPU
		{9887B709-3362-48DB-9503-8866DCAFFBB3}.Debug|Any CPU.Build.0 = Debug|Any CPU
		{9887B709-3362-48DB-9503-8866DCAFFBB3}.Release|Any CPU.ActiveCfg = Release|Any CPU
		{9887B709-3362-48DB-9503-8866DCAFFBB3}.Release|Any CPU.Build.0 = Release|Any CPU
	EndGlobalSection
EndGlobal
